
Microsoft Visual Studio Solution File, Format Version 12.00
Project("{FAE04EC0-301F-11D3-BF4B-00C04F79EFBC}") = "CmdChat", "CmdChat\CmdChat.csproj", "{6648366B-C20A-4F0D-A069-27C9AD010279}"
EndProject
Project("{FAE04EC0-301F-11D3-BF4B-00C04F79EFBC}") = "CmdChatApi", "CmdChatApi\CmdChatApi.csproj", "{27178BE2-6A65-4CEC-97B7-F30271CA6C4F}"
EndProject
Global
	GlobalSection(SolutionConfigurationPlatforms) = preSolution
		Debug|Any CPU = Debug|Any CPU
		Release|Any CPU = Release|Any CPU
	EndGlobalSection
	GlobalSection(ProjectConfigurationPlatforms) = postSolution
		{6648366B-C20A-4F0D-A069-27C9AD010279}.Debug|Any CPU.ActiveCfg = Debug|Any CPU
		{6648366B-C20A-4F0D-A069-27C9AD010279}.Debug|Any CPU.Build.0 = Debug|Any CPU
		{6648366B-C20A-4F0D-A069-27C9AD010279}.Release|Any CPU.ActiveCfg = Release|Any CPU
		{6648366B-C20A-4F0D-A069-27C9AD010279}.Release|Any CPU.Build.0 = Release|Any CPU
		{27178BE2-6A65-4CEC-97B7-F30271CA6C4F}.Debug|Any CPU.ActiveCfg = Debug|Any CPU
		{27178BE2-6A65-4CEC-97B7-F30271CA6C4F}.Debug|Any CPU.Build.0 = Debug|Any CPU
		{27178BE2-6A65-4CEC-97B7-F30271CA6C4F}.Release|Any CPU.ActiveCfg = Release|Any CPU
		{27178BE2-6A65-4CEC-97B7-F30271CA6C4F}.Release|Any CPU.Build.0 = Release|Any CPU
	EndGlobalSection
EndGlobal
